
Microsoft Visual Studio Solution File, Format Version 12.00
# Visual Studio Version 17
VisualStudioVersion = 17.7.34031.279
MinimumVisualStudioVersion = 10.0.40219.1
Project("{FAE04EC0-301F-11D3-BF4B-00C04F79EFBC}") = "ChessBoard", "ChessBoard\ChessBoard.csproj", "{2814CACD-9E59-484F-B2ED-8E3B0CAE07F1}"
EndProject
Global
	GlobalSection(SolutionConfigurationPlatforms) = preSolution
		Debug|Any CPU = Debug|Any CPU
		Release|Any CPU = Release|Any CPU
	EndGlobalSection
	GlobalSection(ProjectConfigurationPlatforms) = postSolution
		{2814CACD-9E59-484F-B2ED-8E3B0CAE07F1}.Debug|Any CPU.ActiveCfg = Debug|Any CPU
		{2814CACD-9E59-484F-B2ED-8E3B0CAE07F1}.Debug|Any CPU.Build.0 = Debug|Any CPU
		{2814CACD-9E59-484F-B2ED-8E3B0CAE07F1}.Release|Any CPU.ActiveCfg = Release|Any CPU
		{2814CACD-9E59-484F-B2ED-8E3B0CAE07F1}.Release|Any CPU.Build.0 = Release|Any CPU
	EndGlobalSection
	GlobalSection(SolutionProperties) = preSolution
		HideSolutionNode = FALSE
	EndGlobalSection
	GlobalSection(ExtensibilityGlobals) = postSolution
		SolutionGuid = {31C9872F-0E00-4294-A8BA-5705F9C1F26D}
	EndGlobalSection
EndGlobal
